{
  "nodes": {
    "browser-previews": {
      "inputs": {
        "flake-utils": "flake-utils",
        "nixpkgs": [
          "nixpkgs"
        ],
        "systems": "systems"
      },
      "locked": {
        "lastModified": 1787888246,
        "narHash": "sha256-E8vD7IJ/16J9JPTQKYvSmwq5k0/FdLMtLf7UVk3G0IU=",
        "owner": "nix-community",
        "repo": "browser-previews",
        "rev": "f2e8d11fd3e04175290fe16e882ceb9dd064a8e2",
        "type": "github"
      },
      "original": {
        "owner": "nix-community",
        "repo": "browser-previews",
        "type": "github"
      }
    },
    "claude-desktop": {
      "inputs": {
        "flake-parts": "flake-parts",
        "nixpkgs": [
          "nixpkgs"
        ]
      },
      "locked": {
        "lastModified": 1787989259,
        "narHash": "sha256-8FnLMht8nH+V0EW7jK4cwrYuhWTTalOdcX3tkXv87ns=",
        "owner": "aaddrick",
        "repo": "claude-desktop-debian",
        "rev": "1ad0073e738d9fddbbf99e853a42baabb71afd1b",
        "type": "github"
      },
      "original": {
        "owner": "aaddrick",
        "repo": "claude-desktop-debian",
        "type": "github"
      }
    },
    "disko": {
      "inputs": {
        "nixpkgs": [
          "nixpkgs"
        ]
      },
      "locked": {
        "lastModified": 1781152676,
        "narHash": "sha256-RxWs5ND31KzTG7wvMM+PMfUjyNpmIEr999lqNARaM5o=",
        "owner": "nix-community",
        "repo": "disko",
        "rev": "ff8702b4de27f72b4c78573dfb89ec74e36abdf1",
        "type": "github"
      },
      "original": {
        "owner": "nix-community",
        "repo": "disko",
        "type": "github"
      }
    },
    "duo-streak-daemon": {
      "flake": false,
      "locked": {
        "lastModified": 1783467334,
        "narHash": "sha256-gmPLSChzxStQ+zv3aSCzbEdxdfxWQMXU2j2YfYRG6MA=",
        "ref": "refs/heads/main",
        "rev": "d70c947ed593e8f3352bea64fee374ea29b0f156",
        "revCount": 45,
        "type": "git",
        "url": "ssh://git@github.com/v1cferr/duo-streak-daemon.git"
      },
      "original": {
        "type": "git",
        "url": "ssh://git@github.com/v1cferr/duo-streak-daemon.git"
      }
    },
    "flake-compat": {
      "flake": false,
      "locked": {
        "lastModified": 1767039857,
        "narHash": "sha256-vNpUSpF5Nuw8xvDLj2KCwwksIbjua2LZCqhV1LNRDns=",
        "owner": "NixOS",
        "repo": "flake-compat",
        "rev": "5edf11c44bc78a0d334f6334cdaf7d60d732daab",
        "type": "github"
      },
      "original": {
        "owner": "NixOS",
        "repo": "flake-compat",
        "type": "github"
      }
    },
    "flake-parts": {
      "inputs": {
        "nixpkgs-lib": "nixpkgs-lib"
      },
      "locked": {
        "lastModified": 1785627969,
        "narHash": "sha256-4dtXQk/NMePegK/nWp5NSeuZKLATItOq61lpEvmXqGw=",
        "owner": "hercules-ci",
        "repo": "flake-parts",
        "rev": "427bf4bd9435fdf21321c8cc628c24efc14c0f7a",
        "type": "github"
      },
      "original": {
        "owner": "hercules-ci",
        "repo": "flake-parts",
        "type": "github"
      }
    },
    "flake-utils": {
      "inputs": {
        "systems": [
          "browser-previews",
          "systems"
        ]
      },
      "locked": {
        "lastModified": 1731533236,
        "narHash": "sha256-l0KFg5HjrsfsO/JpG+r7fRrqm12kzFHyUHqHCVpMMbI=",
        "owner": "numtide",
        "repo": "flake-utils",
        "rev": "11707dc2f618dd54ca8739b309ec4fc024de578b",
        "type": "github"
      },
      "original": {
        "owner": "numtide",
        "repo": "flake-utils",
        "type": "github"
      }
    },
    "git-hooks": {
      "inputs": {
        "flake-compat": "flake-compat",
        "nixpkgs": [
          "nixpkgs"
        ]
      },
      "locked": {
        "lastModified": 1787424939,
        "narHash": "sha256-O2tBn84NNuHrnqNVxx/XqsXwfYvS1YwBh+7CBnbCYsk=",
        "owner": "cachix",
        "repo": "git-hooks.nix",
        "rev": "809414f0cdadf82cf11b06c2b29ba9b3168b3297",
        "type": "github"
      },
      "original": {
        "owner": "cachix",
        "repo": "git-hooks.nix",
        "type": "github"
      }
    },
    "home-manager": {
      "inputs": {
        "nixpkgs": [
          "nixpkgs"
        ]
      },
      "locked": {
        "lastModified": 1787377438,
        "narHash": "sha256-Sxu1NLTD/Ern6hFGLlZmtKCSct3YQXZI/lls8RE1XeM=",
        "owner": "nix-community",
        "repo": "home-manager",
        "rev": "65258d5c65a250189fde2e35f490d15e064c4c62",
        "type": "github"
      },
      "original": {
        "owner": "nix-community",
        "ref": "release-26.05",
        "repo": "home-manager",
        "type": "github"
      }
    },
    "mattpocock-skills": {
      "flake": false,
      "locked": {
        "lastModified": 1787581197,
        "narHash": "sha256-N5tpUIHO2VFeJntBTl6/VLDIVpqoshwFxNJlfXXUwsQ=",
        "owner": "mattpocock",
        "repo": "skills",
        "rev": "6654f6b60cd9d5be8b54c6fafe44346dabeb3b76",
        "type": "github"
      },
      "original": {
        "owner": "mattpocock",
        "repo": "skills",
        "type": "github"
      }
    },
    "minegrub-world-sel-theme": {
      "inputs": {
        "nixpkgs": [
          "nixpkgs"
        ]
      },
      "locked": {
        "lastModified": 1786660689,
        "narHash": "sha256-Hlp081T6HUd4n6CaTf3aousZwBuBly6+0T+Y2d5y+SE=",
        "owner": "Lxtharia",
        "repo": "minegrub-world-sel-theme",
        "rev": "29bfe180a086454e8cd7a690ed0a0d0ed10446c1",
        "type": "github"
      },
      "original": {
        "owner": "Lxtharia",
        "repo": "minegrub-world-sel-theme",
        "type": "github"
      }
    },
    "nixpkgs": {
      "locked": {
        "lastModified": 1787962033,
        "narHash": "sha256-u6z9VTZA4Kf3RkHQo9sQI7NI4Ei/uiU9vrMqOiwWP1Y=",
        "owner": "NixOS",
        "repo": "nixpkgs",
        "rev": "c5c4a43b0e8056328ec4529f735cabdb8f1942bb",
        "type": "github"
      },
      "original": {
        "owner": "NixOS",
        "ref": "nixos-26.05",
        "repo": "nixpkgs",
        "type": "github"
      }
    },
    "nixpkgs-lib": {
      "locked": {
        "lastModified": 1785031560,
        "narHash": "sha256-OmshNvn2vupOFpYinLUu+1Dnpu4n7Q5N3ggGVNHpkUI=",
        "owner": "nix-community",
        "repo": "nixpkgs.lib",
        "rev": "0e79af5e3d4dcfcd676ab5ba3f95d2e3352e078c",
        "type": "github"
      },
      "original": {
        "owner": "nix-community",
        "repo": "nixpkgs.lib",
        "type": "github"
      }
    },
    "nixpkgs-unstable": {
      "locked": {
        "lastModified": 1788039129,
        "narHash": "sha256-pa4Q0qErvCvzCaaUph7Sm37RhR4xvPrYI8Lgz6k85+A=",
        "owner": "NixOS",
        "repo": "nixpkgs",
        "rev": "d2f67949798825fe853f7c5d0492b8bf016d3f88",
        "type": "github"
      },
      "original": {
        "owner": "NixOS",
        "ref": "nixos-unstable",
        "repo": "nixpkgs",
        "type": "github"
      }
    },
    "pyproject-build-systems": {
      "inputs": {
        "nixpkgs": [
          "nixpkgs"
        ],
        "pyproject-nix": [
          "pyproject-nix"
        ],
        "uv2nix": [
          "uv2nix"
        ]
      },
      "locked": {
        "lastModified": 1786936886,
        "narHash": "sha256-8SFyOdmcG6Nsh/JzlH812lTI/v+ur06fpQhj/acNn8k=",
        "owner": "pyproject-nix",
        "repo": "build-system-pkgs",
        "rev": "90ffdeee1a4929b231913df067448cd9803d3e07",
        "type": "github"
      },
      "original": {
        "owner": "pyproject-nix",
        "repo": "build-system-pkgs",
        "type": "github"
      }
    },
    "pyproject-nix": {
      "inputs": {
        "nixpkgs": [
          "nixpkgs"
        ]
      },
      "locked": {
        "lastModified": 1786031528,
        "narHash": "sha256-cROiHKO3UbIKqF5FG5NikvydzlfIj4EcR1Cty9qOVt4=",
        "owner": "pyproject-nix",
        "repo": "pyproject.nix",
        "rev": "1b1485546d85f6f6c7aadb10c4923dbc09633263",
        "type": "github"
      },
      "original": {
        "owner": "pyproject-nix",
        "repo": "pyproject.nix",
        "type": "github"
      }
    },
    "quickshell": {
      "inputs": {
        "nixpkgs": [
          "nixpkgs"
        ]
      },
      "locked": {
        "lastModified": 1787994703,
        "narHash": "sha256-6SUZyyALo19heYPa/Xmu2H4zV+wvdfVX4fTcqbgHRnI=",
        "ref": "refs/heads/master",
        "rev": "2d3b3e9c70ef380dff751b61d334dc88df016c29",
        "revCount": 856,
        "type": "git",
        "url": "https://git.outfoxxed.me/quickshell/quickshell"
      },
      "original": {
        "type": "git",
        "url": "https://git.outfoxxed.me/quickshell/quickshell"
      }
    },
    "root": {
      "inputs": {
        "browser-previews": "browser-previews",
        "claude-desktop": "claude-desktop",
        "disko": "disko",
        "duo-streak-daemon": "duo-streak-daemon",
        "git-hooks": "git-hooks",
        "home-manager": "home-manager",
        "mattpocock-skills": "mattpocock-skills",
        "minegrub-world-sel-theme": "minegrub-world-sel-theme",
        "nixpkgs": "nixpkgs",
        "nixpkgs-unstable": "nixpkgs-unstable",
        "pyproject-build-systems": "pyproject-build-systems",
        "pyproject-nix": "pyproject-nix",
        "quickshell": "quickshell",
        "sops-nix": "sops-nix",
        "uv2nix": "uv2nix",
        "vscode-tarball": "vscode-tarball",
        "zen-browser": "zen-browser"
      }
    },
    "sops-nix": {
      "inputs": {
        "nixpkgs": [
          "nixpkgs"
        ]
      },
      "locked": {
        "lastModified": 1786629091,
        "narHash": "sha256-gkig4nPi1CWc4Z50GBsjE4ygSE7hMpl/TwID2an2Cck=",
        "owner": "Mic92",
        "repo": "sops-nix",
        "rev": "a8627b21b9107c5711c96b84f32a9a4b3d45295f",
        "type": "github"
      },
      "original": {
        "owner": "Mic92",
        "repo": "sops-nix",
        "type": "github"
      }
    },
    "systems": {
      "locked": {
        "lastModified": 1680978846,
        "narHash": "sha256-Gtqg8b/v49BFDpDetjclCYXm8mAnTrUzR0JnE2nv5aw=",
        "owner": "nix-systems",
        "repo": "x86_64-linux",
        "rev": "2ecfcac5e15790ba6ce360ceccddb15ad16d08a8",
        "type": "github"
      },
      "original": {
        "owner": "nix-systems",
        "repo": "x86_64-linux",
        "type": "github"
      }
    },
    "uv2nix": {
      "inputs": {
        "nixpkgs": [
          "nixpkgs"
        ],
        "pyproject-nix": [
          "pyproject-nix"
        ]
      },
      "locked": {
        "lastModified": 1788001239,
        "narHash": "sha256-AELmsXPI546MhbC/ZXC7WRUkCz7d4rqKTHUmliIgPpI=",
        "owner": "pyproject-nix",
        "repo": "uv2nix",
        "rev": "7f9c6b613d2e749e54854b1d60ab6a2192db889e",
        "type": "github"
      },
      "original": {
        "owner": "pyproject-nix",
        "repo": "uv2nix",
        "type": "github"
      }
    },
    "vscode-tarball": {
      "flake": false,
      "locked": {
        "lastModified": 1787668992,
        "narHash": "sha256-G0JT9X5cGrZwCf+O7tO2ZpDeIBZZHkJ/QGCz2bZJfjQ=",
        "type": "tarball",
        "url": "https://update.code.visualstudio.com/1.135.0/linux-x64/stable"
      },
      "original": {
        "type": "tarball",
        "url": "https://update.code.visualstudio.com/1.135.0/linux-x64/stable"
      }
    },
    "zen-browser": {
      "inputs": {
        "home-manager": [
          "home-manager"
        ],
        "nixpkgs": [
          "nixpkgs-unstable"
        ]
      },
      "locked": {
        "lastModified": 1788076699,
        "narHash": "sha256-7/xv7BWHPqFZOdJJJkXoNnGDG/lznobSpwLtj2fr73A=",
        "owner": "0xc000022070",
        "repo": "zen-browser-flake",
        "rev": "8d0d0f036b0104699e60ec0d549d36a24d6e8637",
        "type": "github"
      },
      "original": {
        "owner": "0xc000022070",
        "repo": "zen-browser-flake",
        "type": "github"
      }
    }
  },
  "root": "root",
  "version": 7
}
